
Microsoft Visual Studio Solution File, Format Version 12.00
# Visual Studio Version 17
VisualStudioVersion = 17.10.35201.131
MinimumVisualStudioVersion = 10.0.40219.1
Project("{9A19103F-16F7-4668-BE54-9A1E7A4F7556}") = "FindInFiles", "FindInFile\FindInFiles.csproj", "{8BBC1998-A7AB-4AE3-8802-075F2AC5D8CB}"
EndProject
Project("{9A19103F-16F7-4668-BE54-9A1E7A4F7556}") = "ICSharpCode.AvalonEdit", "ICSharpCode.AvalonEdit\ICSharpCode.AvalonEdit.csproj", "{D4386A77-4F80-4F0D-9A23-9F4B3EF88739}"
EndProject
Global
	GlobalSection(SolutionConfigurationPlatforms) = preSolution
		Debug|Any CPU = Debug|Any CPU
		Debug|x86 = Debug|x86
		Debug|x64 = Debug|x64
		Release|Any CPU = Release|Any CPU
		Release|x86 = Release|x86
		Release|x64 = Release|x64
	EndGlobalSection
	GlobalSection(ProjectConfigurationPlatforms) = postSolution
		{8BBC1998-A7AB-4AE3-8802-075F2AC5D8CB}.Debug|Any CPU.ActiveCfg = Debug|Any CPU
		{8BBC1998-A7AB-4AE3-8802-075F2AC5D8CB}.Debug|Any CPU.Build.0 = Debug|Any CPU
		{8BBC1998-A7AB-4AE3-8802-075F2AC5D8CB}.Debug|x86.ActiveCfg = Debug|Any CPU
		{8BBC1998-A7AB-4AE3-8802-075F2AC5D8CB}.Debug|x86.Build.0 = Debug|Any CPU
		{8BBC1998-A7AB-4AE3-8802-075F2AC5D8CB}.Release|Any CPU.ActiveCfg = Release|Any CPU
		{8BBC1998-A7AB-4AE3-8802-075F2AC5D8CB}.Release|Any CPU.Build.0 = Release|Any CPU
		{8BBC1998-A7AB-4AE3-8802-075F2AC5D8CB}.Release|x86.ActiveCfg = Release|Any CPU
		{8BBC1998-A7AB-4AE3-8802-075F2AC5D8CB}.Release|x86.Build.0 = Release|Any CPU
		{8BBC1998-A7AB-4AE3-8802-075F2AC5D8CB}.Debug|x64.ActiveCfg = Debug|x64
		{8BBC1998-A7AB-4AE3-8802-075F2AC5D8CB}.Debug|x64.Build.0 = Debug|x64
		{8BBC1998-A7AB-4AE3-8802-075F2AC5D8CB}.Release|x64.ActiveCfg = Release|x64
		{8BBC1998-A7AB-4AE3-8802-075F2AC5D8CB}.Release|x64.Build.0 = Release|x64
		{D4386A77-4F80-4F0D-9A23-9F4B3EF88739}.Debug|Any CPU.ActiveCfg = Debug|Any CPU
		{D4386A77-4F80-4F0D-9A23-9F4B3EF88739}.Debug|Any CPU.Build.0 = Debug|Any CPU
		{D4386A77-4F80-4F0D-9A23-9F4B3EF88739}.Debug|x86.ActiveCfg = Debug|Any CPU
		{D4386A77-4F80-4F0D-9A23-9F4B3EF88739}.Debug|x86.Build.0 = Debug|Any CPU
		{D4386A77-4F80-4F0D-9A23-9F4B3EF88739}.Release|Any CPU.ActiveCfg = Release|Any CPU
		{D4386A77-4F80-4F0D-9A23-9F4B3EF88739}.Release|Any CPU.Build.0 = Release|Any CPU
		{D4386A77-4F80-4F0D-9A23-9F4B3EF88739}.Release|x86.ActiveCfg = Release|Any CPU
		{D4386A77-4F80-4F0D-9A23-9F4B3EF88739}.Release|x86.Build.0 = Release|Any CPU
		{D4386A77-4F80-4F0D-9A23-9F4B3EF88739}.Debug|x64.ActiveCfg = Debug|x64
		{D4386A77-4F80-4F0D-9A23-9F4B3EF88739}.Debug|x64.Build.0 = Debug|x64
		{D4386A77-4F80-4F0D-9A23-9F4B3EF88739}.Release|x64.ActiveCfg = Release|x64
		{D4386A77-4F80-4F0D-9A23-9F4B3EF88739}.Release|x64.Build.0 = Release|x64
	EndGlobalSection
	GlobalSection(SolutionProperties) = preSolution
		HideSolutionNode = FALSE
	EndGlobalSection
	GlobalSection(ExtensibilityGlobals) = postSolution
		SolutionGuid = {11C5A8B2-ADB0-48F4-920F-2BB183EDCCD9}
	EndGlobalSection
EndGlobal
