
Microsoft Visual Studio Solution File, Format Version 12.00
# Visual Studio Version 17
VisualStudioVersion = 17.10.35201.131
MinimumVisualStudioVersion = 10.0.40219.1
Project("{FAE04EC0-301F-11D3-BF4B-00C04F79EFBC}") = "FindInFile", "FindInFile\FindInFile.csproj", "{8BBC1998-A7AB-4AE3-8802-075F2AC5D8CB}"
EndProject
Project("{FAE04EC0-301F-11D3-BF4B-00C04F79EFBC}") = "ICSharpCode.AvalonEdit", "ICSharpCode.AvalonEdit\ICSharpCode.AvalonEdit.csproj", "{D4386A77-4F80-4F0D-9A23-9F4B3EF88739}"
EndProject
Global
	GlobalSection(SolutionConfigurationPlatforms) = preSolution
		Debug|Any CPU = Debug|Any CPU
		Release|Any CPU = Release|Any CPU
	EndGlobalSection
	GlobalSection(ProjectConfigurationPlatforms) = postSolution
		{8BBC1998-A7AB-4AE3-8802-075F2AC5D8CB}.Debug|Any CPU.ActiveCfg = Debug|Any CPU
		{8BBC1998-A7AB-4AE3-8802-075F2AC5D8CB}.Debug|Any CPU.Build.0 = Debug|Any CPU
		{8BBC1998-A7AB-4AE3-8802-075F2AC5D8CB}.Release|Any CPU.ActiveCfg = Release|Any CPU
		{8BBC1998-A7AB-4AE3-8802-075F2AC5D8CB}.Release|Any CPU.Build.0 = Release|Any CPU
		{D4386A77-4F80-4F0D-9A23-9F4B3EF88739}.Debug|Any CPU.ActiveCfg = Debug|Any CPU
		{D4386A77-4F80-4F0D-9A23-9F4B3EF88739}.Debug|Any CPU.Build.0 = Debug|Any CPU
		{D4386A77-4F80-4F0D-9A23-9F4B3EF88739}.Release|Any CPU.ActiveCfg = Release|Any CPU
		{D4386A77-4F80-4F0D-9A23-9F4B3EF88739}.Release|Any CPU.Build.0 = Release|Any CPU
	EndGlobalSection
	GlobalSection(SolutionProperties) = preSolution
		HideSolutionNode = FALSE
	EndGlobalSection
	GlobalSection(ExtensibilityGlobals) = postSolution
		SolutionGuid = {11C5A8B2-ADB0-48F4-920F-2BB183EDCCD9}
	EndGlobalSection
EndGlobal
